lockfileVersion: 5.4

specifiers:
  '@discordjs/collection': ^1.0.0
  fun-dispatcher: ^1.2.6

dependencies:
  '@discordjs/collection': 1.0.0
  fun-dispatcher: 1.2.6

packages:

  /@discordjs/collection/1.0.0:
    resolution: {integrity: sha512-nAxDQYE5dNAzEGQ7HU20sujDsG5vLowUKCEqZkKUIlrXERZFTt/60zKUj/g4+AVCGeq+pXC5hivMaNtiC+PY5Q==}
    engines: {node: '>=16.9.0'}
    dev: false

  /fun-dispatcher/1.2.6:
    resolution: {integrity: sha512-lw6LoVrReV6qlaADvy0ua9a1f3W9qGLd8BBfLnzIV0YCfZd3jo5caZsgBBGOw/tO50P783iFEK8aTSwtQ67KDQ==}
    engines: {node: '>=12.1'}
    dev: false
